
Microsoft Visual Studio Solution File, Format Version 12.00
# Visual Studio Version 16
VisualStudioVersion = 16.0.30114.105
MinimumVisualStudioVersion = 10.0.40219.1
Project("{2150E333-8FDC-42A3-9474-1A3956D46DE8}") = "src", "src", "{E93C8B32-5537-4401-9E70-CC182EDC4952}"
EndProject
Project("{FAE04EC0-301F-11D3-BF4B-00C04F79EFBC}") = "CommandAPI", "src\CommandAPI\CommandAPI.csproj", "{909EB870-9FE2-41BC-B094-EC0D6849BD5A}"
EndProject
Project("{2150E333-8FDC-42A3-9474-1A3956D46DE8}") = "test", "test", "{9AA95DED-4CDD-425C-BD26-A9BAAFF26307}"
EndProject
Project("{FAE04EC0-301F-11D3-BF4B-00C04F79EFBC}") = "CommandAPI.Tests", "test\CommandAPI.Tests\CommandAPI.Tests.csproj", "{6F6B022E-2B48-4F5E-A810-5FFDCC3178E0}"
EndProject
Global
	GlobalSection(SolutionConfigurationPlatforms) = preSolution
		Debug|Any CPU = Debug|Any CPU
		Debug|x64 = Debug|x64
		Debug|x86 = Debug|x86
		Release|Any CPU = Release|Any CPU
		Release|x64 = Release|x64
		Release|x86 = Release|x86
	EndGlobalSection
	GlobalSection(SolutionProperties) = preSolution
		HideSolutionNode = FALSE
	EndGlobalSection
	GlobalSection(ProjectConfigurationPlatforms) = postSolution
		{909EB870-9FE2-41BC-B094-EC0D6849BD5A}.Debug|Any CPU.ActiveCfg = Debug|Any CPU
		{909EB870-9FE2-41BC-B094-EC0D6849BD5A}.Debug|Any CPU.Build.0 = Debug|Any CPU
		{909EB870-9FE2-41BC-B094-EC0D6849BD5A}.Debug|x64.ActiveCfg = Debug|Any CPU
		{909EB870-9FE2-41BC-B094-EC0D6849BD5A}.Debug|x64.Build.0 = Debug|Any CPU
		{909EB870-9FE2-41BC-B094-EC0D6849BD5A}.Debug|x86.ActiveCfg = Debug|Any CPU
		{909EB870-9FE2-41BC-B094-EC0D6849BD5A}.Debug|x86.Build.0 = Debug|Any CPU
		{909EB870-9FE2-41BC-B094-EC0D6849BD5A}.Release|Any CPU.ActiveCfg = Release|Any CPU
		{909EB870-9FE2-41BC-B094-EC0D6849BD5A}.Release|Any CPU.Build.0 = Release|Any CPU
		{909EB870-9FE2-41BC-B094-EC0D6849BD5A}.Release|x64.ActiveCfg = Release|Any CPU
		{909EB870-9FE2-41BC-B094-EC0D6849BD5A}.Release|x64.Build.0 = Release|Any CPU
		{909EB870-9FE2-41BC-B094-EC0D6849BD5A}.Release|x86.ActiveCfg = Release|Any CPU
		{909EB870-9FE2-41BC-B094-EC0D6849BD5A}.Release|x86.Build.0 = Release|Any CPU
		{6F6B022E-2B48-4F5E-A810-5FFDCC3178E0}.Debug|Any CPU.ActiveCfg = Debug|Any CPU
		{6F6B022E-2B48-4F5E-A810-5FFDCC3178E0}.Debug|Any CPU.Build.0 = Debug|Any CPU
		{6F6B022E-2B48-4F5E-A810-5FFDCC3178E0}.Debug|x64.ActiveCfg = Debug|Any CPU
		{6F6B022E-2B48-4F5E-A810-5FFDCC3178E0}.Debug|x64.Build.0 = Debug|Any CPU
		{6F6B022E-2B48-4F5E-A810-5FFDCC3178E0}.Debug|x86.ActiveCfg = Debug|Any CPU
		{6F6B022E-2B48-4F5E-A810-5FFDCC3178E0}.Debug|x86.Build.0 = Debug|Any CPU
		{6F6B022E-2B48-4F5E-A810-5FFDCC3178E0}.Release|Any CPU.ActiveCfg = Release|Any CPU
		{6F6B022E-2B48-4F5E-A810-5FFDCC3178E0}.Release|Any CPU.Build.0 = Release|Any CPU
		{6F6B022E-2B48-4F5E-A810-5FFDCC3178E0}.Release|x64.ActiveCfg = Release|Any CPU
		{6F6B022E-2B48-4F5E-A810-5FFDCC3178E0}.Release|x64.Build.0 = Release|Any CPU
		{6F6B022E-2B48-4F5E-A810-5FFDCC3178E0}.Release|x86.ActiveCfg = Release|Any CPU
		{6F6B022E-2B48-4F5E-A810-5FFDCC3178E0}.Release|x86.Build.0 = Release|Any CPU
	EndGlobalSection
	GlobalSection(NestedProjects) = preSolution
		{909EB870-9FE2-41BC-B094-EC0D6849BD5A} = {E93C8B32-5537-4401-9E70-CC182EDC4952}
		{6F6B022E-2B48-4F5E-A810-5FFDCC3178E0} = {9AA95DED-4CDD-425C-BD26-A9BAAFF26307}
	EndGlobalSection
EndGlobal
